
Microsoft Visual Studio Solution File, Format Version 12.00
# Visual Studio Version 16
VisualStudioVersion = 16.0.30717.126
MinimumVisualStudioVersion = 10.0.40219.1
Project("{FAE04EC0-301F-11D3-BF4B-00C04F79EFBC}") = "Day01", "Day01\Day01.csproj", "{24FD8DFB-EDAF-4589-AACD-0EBAD6821063}"
EndProject
Project("{FAE04EC0-301F-11D3-BF4B-00C04F79EFBC}") = "Day02", "Day02\Day02.csproj", "{1B5EE7D7-2DAD-4ADB-8CB4-ADEA860FF2C5}"
EndProject
Global
	GlobalSection(SolutionConfigurationPlatforms) = preSolution
		Debug|Any CPU = Debug|Any CPU
		Release|Any CPU = Release|Any CPU
	EndGlobalSection
	GlobalSection(ProjectConfigurationPlatforms) = postSolution
		{24FD8DFB-EDAF-4589-AACD-0EBAD6821063}.Debug|Any CPU.ActiveCfg = Debug|Any CPU
		{24FD8DFB-EDAF-4589-AACD-0EBAD6821063}.Debug|Any CPU.Build.0 = Debug|Any CPU
		{24FD8DFB-EDAF-4589-AACD-0EBAD6821063}.Release|Any CPU.ActiveCfg = Release|Any CPU
		{24FD8DFB-EDAF-4589-AACD-0EBAD6821063}.Release|Any CPU.Build.0 = Release|Any CPU
		{1B5EE7D7-2DAD-4ADB-8CB4-ADEA860FF2C5}.Debug|Any CPU.ActiveCfg = Debug|Any CPU
		{1B5EE7D7-2DAD-4ADB-8CB4-ADEA860FF2C5}.Debug|Any CPU.Build.0 = Debug|Any CPU
		{1B5EE7D7-2DAD-4ADB-8CB4-ADEA860FF2C5}.Release|Any CPU.ActiveCfg = Release|Any CPU
		{1B5EE7D7-2DAD-4ADB-8CB4-ADEA860FF2C5}.Release|Any CPU.Build.0 = Release|Any CPU
	EndGlobalSection
	GlobalSection(SolutionProperties) = preSolution
		HideSolutionNode = FALSE
	EndGlobalSection
	GlobalSection(ExtensibilityGlobals) = postSolution
		SolutionGuid = {F7EDE7E7-781C-4EB9-8F42-2F0D8C3C3836}
	EndGlobalSection
EndGlobal
